
Microsoft Visual Studio Solution File, Format Version 12.00
# Visual Studio Version 17
VisualStudioVersion = 17.8.34511.84
MinimumVisualStudioVersion = 10.0.40219.1
Project("{FAE04EC0-301F-11D3-BF4B-00C04F79EFBC}") = "BiliBili dynamic deliverer", "BiliBili dynamic deliverer.csproj", "{7D3129D0-DFE5-40A3-A664-2346A9B4B041}"
EndProject
Global
	GlobalSection(SolutionConfigurationPlatforms) = preSolution
		Debug|Any CPU = Debug|Any CPU
		Release|Any CPU = Release|Any CPU
	EndGlobalSection
	GlobalSection(ProjectConfigurationPlatforms) = postSolution
		{7D3129D0-DFE5-40A3-A664-2346A9B4B041}.Debug|Any CPU.ActiveCfg = Debug|Any CPU
		{7D3129D0-DFE5-40A3-A664-2346A9B4B041}.Debug|Any CPU.Build.0 = Debug|Any CPU
		{7D3129D0-DFE5-40A3-A664-2346A9B4B041}.Release|Any CPU.ActiveCfg = Release|Any CPU
		{7D3129D0-DFE5-40A3-A664-2346A9B4B041}.Release|Any CPU.Build.0 = Release|Any CPU
	EndGlobalSection
	GlobalSection(SolutionProperties) = preSolution
		HideSolutionNode = FALSE
	EndGlobalSection
	GlobalSection(ExtensibilityGlobals) = postSolution
		SolutionGuid = {0A30D96B-DD42-4E5F-AB75-BBBCC2F39E92}
	EndGlobalSection
EndGlobal
