
Microsoft Visual Studio Solution File, Format Version 12.00
# Visual Studio Version 17
VisualStudioVersion = 17.8.34511.84
MinimumVisualStudioVersion = 10.0.40219.1
Project("{FAE04EC0-301F-11D3-BF4B-00C04F79EFBC}") = "ARKSaveTools", "ARKSaveTools.csproj", "{4BB7C148-5149-4F20-BD59-04EF5FF650BF}"
EndProject
Global
	GlobalSection(SolutionConfigurationPlatforms) = preSolution
		Debug|Any CPU = Debug|Any CPU
		Release|Any CPU = Release|Any CPU
	EndGlobalSection
	GlobalSection(ProjectConfigurationPlatforms) = postSolution
		{4BB7C148-5149-4F20-BD59-04EF5FF650BF}.Debug|Any CPU.ActiveCfg = Debug|Any CPU
		{4BB7C148-5149-4F20-BD59-04EF5FF650BF}.Debug|Any CPU.Build.0 = Debug|Any CPU
		{4BB7C148-5149-4F20-BD59-04EF5FF650BF}.Release|Any CPU.ActiveCfg = Release|Any CPU
		{4BB7C148-5149-4F20-BD59-04EF5FF650BF}.Release|Any CPU.Build.0 = Release|Any CPU
	EndGlobalSection
	GlobalSection(SolutionProperties) = preSolution
		HideSolutionNode = FALSE
	EndGlobalSection
	GlobalSection(ExtensibilityGlobals) = postSolution
		SolutionGuid = {46ED774B-F0F5-4BCC-BA73-632A35170EB3}
	EndGlobalSection
EndGlobal
